<?xml version="1.0" encoding="utf-8"?>
<Project ToolsVersion="4.0" xmlns="http://schemas.microsoft.com/developer/msbuild/2003">
  <ItemGroup>
    <Filter Include="Source Files">
      <UniqueIdentifier>{4FC737F1-C7A5-4376-A066-2A32D752A2FF}</UniqueIdentifier>
      <Extensions>cpp;c;cc;cxx;def;odl;idl;hpj;bat;asm;asmx</Extensions>
    </Filter>
    <Filter Include="Header Files">
      <UniqueIdentifier>{93995380-89BD-4b04-88EB-625FBE52EBFB}</UniqueIdentifier>
      <Extensions>h;hh;hpp;hxx;hm;inl;inc;ipp;xsd</Extensions>
    </Filter>
    <Filter Include="Source Files\Engine">
      <UniqueIdentifier>{53367e41-0370-4628-8981-09a9032c00b4}</UniqueIdentifier>
    </Filter>
    <Filter Include="Source Files\Game">
      <UniqueIdentifier>{ba368860-efda-400a-86c5-2977f5bf2ffc}</UniqueIdentifier>
    </Filter>
    <Filter Include="Header Files\Engine">
      <UniqueIdentifier>{77529b62-180b-492a-809b-dd95fe528dee}</UniqueIdentifier>
    </Filter>
    <Filter Include="Header Files\Game">
      <UniqueIdentifier>{5322eb75-1541-4df2-9e7f-f4a5b26d62d6}</UniqueIdentifier>
    </Filter>
    <Filter Include="Header Files\Engine\Objects">
      <UniqueIdentifier>{cbac0ffb-d3a2-4a63-ba80-227658f46894}</UniqueIdentifier>
    </Filter>
    <Filter Include="Source Files\Engine\Objects">
      <UniqueIdentifier>{ec8a293b-7fa5-48ce-a0e0-48683c75a7bc}</UniqueIdentifier>
    </Filter>
    <Filter Include="Source Files\Engine\Graphics">
      <UniqueIdentifier>{3127ff1e-5cd4-4ede-9ee6-2d53a1b05a50}</UniqueIdentifier>
    </Filter>
    <Filter Include="Header Files\Engine\Graphics">
      <UniqueIdentifier>{04ba1b09-e576-462b-97de-d41ba0f314ae}</UniqueIdentifier>
    </Filter>
    <Filter Include="Header Files\Game\Objects">
      <UniqueIdentifier>{bdd49ca0-9506-4db7-beb7-bd7a28457fbc}</UniqueIdentifier>
    </Filter>
    <Filter Include="Source Files\Game\Graphics">
      <UniqueIdentifier>{789a7e0e-8366-4347-8b58-8411a41423a0}</UniqueIdentifier>
    </Filter>
    <Filter Include="Source Files\Engine\Graphics\Shaders">
      <UniqueIdentifier>{db0ff73e-cfd8-4886-aa78-ec965aedac61}</UniqueIdentifier>
    </Filter>
    <Filter Include="Source Files\Engine\Scenes">
      <UniqueIdentifier>{00381753-30e6-448f-b66c-532be906cad7}</UniqueIdentifier>
    </Filter>
    <Filter Include="Header Files\Engine\Scenes">
      <UniqueIdentifier>{34bcc445-12ed-45ca-8e1b-2b04224378a7}</UniqueIdentifier>
    </Filter>
    <Filter Include="Source Files\Engine\Graphics\Shaders\GameObject Shaders">
      <UniqueIdentifier>{d270cb77-2bcd-4653-a2e3-1162509d0b56}</UniqueIdentifier>
    </Filter>
    <Filter Include="Source Files\Engine\Graphics\Renderers">
      <UniqueIdentifier>{faf5f7f7-f44a-4cc7-9743-173ce366928e}</UniqueIdentifier>
    </Filter>
    <Filter Include="Header Files\Engine\Game">
      <UniqueIdentifier>{d144a6ea-8f84-499c-b97f-a7f496b43f4c}</UniqueIdentifier>
    </Filter>
    <Filter Include="Source Files\Engine\Game">
      <UniqueIdentifier>{33beadbd-39b9-4a13-88b2-3bde6cc0ab0d}</UniqueIdentifier>
    </Filter>
    <Filter Include="Header Files\Engine\Math">
      <UniqueIdentifier>{a61077b2-bbbf-4990-af50-02a472ddba4c}</UniqueIdentifier>
    </Filter>
    <Filter Include="Header Files\Engine\Scenes\Scene components">
      <UniqueIdentifier>{1df976b3-4ffa-4c38-b858-ee3ce1c0f17a}</UniqueIdentifier>
    </Filter>
    <Filter Include="Source Files\Engine\Scenes\Scene components">
      <UniqueIdentifier>{b2c47b5e-4aa4-46b6-b3cc-5c6ccb8bcc15}</UniqueIdentifier>
    </Filter>
  </ItemGroup>
  <ItemGroup>
    <ClCompile Include="main.cpp">
      <Filter>Source Files</Filter>
    </ClCompile>
    <ClCompile Include="GameObject.cpp">
      <Filter>Source Files\Engine\Objects</Filter>
    </ClCompile>
    <ClCompile Include="GameObjectManager.cpp">
      <Filter>Source Files\Engine\Objects</Filter>
    </ClCompile>
    <ClCompile Include="Renderable2D.cpp">
      <Filter>Source Files\Engine\Objects</Filter>
    </ClCompile>
    <ClCompile Include="Shader.cpp">
      <Filter>Source Files\Engine\Graphics</Filter>
    </ClCompile>
    <ClCompile Include="Sprite.cpp">
      <Filter>Source Files\Engine\Graphics</Filter>
    </ClCompile>
    <ClCompile Include="Window.cpp">
      <Filter>Source Files\Engine\Graphics</Filter>
    </ClCompile>
    <ClCompile Include="SpriteAtlas.cpp">
      <Filter>Source Files\Engine\Graphics</Filter>
    </ClCompile>
    <ClCompile Include="Camera.cpp">
      <Filter>Source Files\Engine\Graphics</Filter>
    </ClCompile>
    <ClCompile Include="Scene.cpp">
      <Filter>Source Files\Engine\Scenes</Filter>
    </ClCompile>
    <ClCompile Include="Renderer2D.cpp">
      <Filter>Source Files\Engine\Graphics\Renderers</Filter>
    </ClCompile>
    <ClCompile Include="GameObjectRenderer.cpp">
      <Filter>Source Files\Engine\Graphics\Renderers</Filter>
    </ClCompile>
    <ClCompile Include="TileMapRenderer.cpp">
      <Filter>Source Files\Engine\Graphics\Renderers</Filter>
    </ClCompile>
    <ClCompile Include="GameManager.cpp">
      <Filter>Source Files\Engine\Game</Filter>
    </ClCompile>
    <ClCompile Include="SceneManager.cpp">
      <Filter>Source Files\Engine\Scenes</Filter>
    </ClCompile>
    <ClCompile Include="SceneObjectManager.cpp">
      <Filter>Source Files\Engine\Scenes</Filter>
    </ClCompile>
    <ClCompile Include="SceneComponent.cpp">
      <Filter>Source Files\Engine\Scenes\Scene components</Filter>
    </ClCompile>
    <ClCompile Include="TileMap.cpp">
      <Filter>Source Files\Engine\Scenes\Scene components</Filter>
    </ClCompile>
    <ClCompile Include="Game.cpp">
      <Filter>Source Files\Game</Filter>
    </ClCompile>
    <ClCompile Include="TestScene.cpp">
      <Filter>Source Files</Filter>
    </ClCompile>
  </ItemGroup>
  <ItemGroup>
    <ClInclude Include="GameObjectManager.h">
      <Filter>Header Files\Engine\Objects</Filter>
    </ClInclude>
    <ClInclude Include="GameObject.h">
      <Filter>Header Files\Engine\Objects</Filter>
    </ClInclude>
    <ClInclude Include="Shader.h">
      <Filter>Header Files\Engine\Graphics</Filter>
    </ClInclude>
    <ClInclude Include="Sprite.h">
      <Filter>Header Files\Engine\Graphics</Filter>
    </ClInclude>
    <ClInclude Include="Window.h">
      <Filter>Header Files\Engine\Graphics</Filter>
    </ClInclude>
    <ClInclude Include="TestOBJ.h">
      <Filter>Header Files\Game\Objects</Filter>
    </ClInclude>
    <ClInclude Include="TestObject.h">
      <Filter>Header Files\Engine\Objects</Filter>
    </ClInclude>
    <ClInclude Include="Renderable2D.h">
      <Filter>Header Files\Engine\Objects</Filter>
    </ClInclude>
    <ClInclude Include="Primitive.h">
      <Filter>Header Files\Engine\Graphics</Filter>
    </ClInclude>
    <ClInclude Include="SpriteAtlas.h">
      <Filter>Header Files\Engine\Graphics</Filter>
    </ClInclude>
    <ClInclude Include="Renderer2D.h">
      <Filter>Header Files\Engine\Graphics</Filter>
    </ClInclude>
    <ClInclude Include="resource.h">
      <Filter>Header Files</Filter>
    </ClInclude>
    <ClInclude Include="Camera.h">
      <Filter>Header Files\Engine\Graphics</Filter>
    </ClInclude>
    <ClInclude Include="Scene.h">
      <Filter>Header Files\Engine\Scenes</Filter>
    </ClInclude>
    <ClInclude Include="GameManager.h">
      <Filter>Header Files\Engine\Game</Filter>
    </ClInclude>
    <ClInclude Include="libs.h">
      <Filter>Header Files\Engine\Game</Filter>
    </ClInclude>
    <ClInclude Include="Game.h">
      <Filter>Header Files</Filter>
    </ClInclude>
    <ClInclude Include="Vertex.h">
      <Filter>Header Files\Engine\Graphics</Filter>
    </ClInclude>
    <ClInclude Include="CalcProjectionMatrix.h">
      <Filter>Header Files\Engine\Math</Filter>
    </ClInclude>
    <ClInclude Include="SceneManager.h">
      <Filter>Header Files\Engine\Scenes</Filter>
    </ClInclude>
    <ClInclude Include="SceneObjectManager.h">
      <Filter>Header Files\Engine\Scenes</Filter>
    </ClInclude>
    <ClInclude Include="SceneComponent.h">
      <Filter>Header Files\Engine\Scenes\Scene components</Filter>
    </ClInclude>
    <ClInclude Include="TileMap.h">
      <Filter>Header Files\Engine\Scenes\Scene components</Filter>
    </ClInclude>
    <ClInclude Include="TestScene.h">
      <Filter>Header Files</Filter>
    </ClInclude>
  </ItemGroup>
  <ItemGroup>
    <Text Include="Ideas.txt" />
  </ItemGroup>
  <ItemGroup>
    <None Include="GameObjectVertexCore.glsl">
      <Filter>Source Files\Engine\Graphics\Shaders\GameObject Shaders</Filter>
    </None>
    <None Include="GameObjectFragmentCore.glsl">
      <Filter>Source Files\Engine\Graphics\Shaders\GameObject Shaders</Filter>
    </None>
    <None Include="ClassDiagram.cd" />
    <None Include="ClassDiagram1.cd" />
  </ItemGroup>
</Project>